// !$*UTF8*$!
{
	archiveVersion = 1;
	classes = {
	};
	objectVersion = 50;
	objects = {

/* Begin PBXBuildFile section */
		F11D02292241FDFA00772227 /* RegisterViewController.swift in Sources */ = {isa = PBXBuildFile; fileRef = F11D02282241FDFA00772227 /* RegisterViewController.swift */; };
		F1AA16672240E8ED00F419AB /* AppDelegate.swift in Sources */ = {isa = PBXBuildFile; fileRef = F1AA16662240E8ED00F419AB /* AppDelegate.swift */; };
		F1AA16692240E8ED00F419AB /* ViewController.swift in Sources */ = {isa = PBXBuildFile; fileRef = F1AA16682240E8ED00F419AB /* ViewController.swift */; };
		F1AA166C2240E8ED00F419AB /* Main.storyboard in Resources */ = {isa = PBXBuildFile; fileRef = F1AA166A2240E8ED00F419AB /* Main.storyboard */; };
		F1AA166E2240E8EF00F419AB /* Assets.xcassets in Resources */ = {isa = PBXBuildFile; fileRef = F1AA166D2240E8EF00F419AB /* Assets.xcassets */; };
		F1AA16712240E8EF00F419AB /* LaunchScreen.storyboard in Resources */ = {isa = PBXBuildFile; fileRef = F1AA166F2240E8EF00F419AB /* LaunchScreen.storyboard */; };
/* End PBXBuildFile section */

/* Begin PBXFileReference section */
		F11D02282241FDFA00772227 /* RegisterViewController.swift */ = {isa = PBXFileReference; lastKnownFileType = sourcecode.swift; path = RegisterViewController.swift; sourceTree = "<group>"; };
		F1AA16632240E8ED00F419AB /* AuthenSSRU.app */ = {isa = PBXFileReference; explicitFileType = wrapper.application; includeInIndex = 0; path = AuthenSSRU.app; sourceTree = BUILT_PRODUCTS_DIR; };
		F1AA16662240E8ED00F419AB /* AppDelegate.swift */ = {isa = PBXFileReference; lastKnownFileType = sourcecode.swift; path = AppDelegate.swift; sourceTree = "<group>"; };
		F1AA16682240E8ED00F419AB /* ViewController.swift */ = {isa = PBXFileReference; lastKnownFileType = sourcecode.swift; path = ViewController.swift; sourceTree = "<group>"; };
		F1AA166B2240E8ED00F419AB /* Base */ = {isa = PBXFileReference; lastKnownFileType = file.storyboard; name = Base; path = Base.lproj/Main.storyboard; sourceTree = "<group>"; };
		F1AA166D2240E8EF00F419AB /* Assets.xcassets */ = {isa = PBXFileReference; lastKnownFileType = folder.assetcatalog; path = Assets.xcassets; sourceTree = "<group>"; };
		F1AA16702240E8EF00F419AB /* Base */ = {isa = PBXFileReference; lastKnownFileType = file.storyboard; name = Base; path = Base.lproj/LaunchScreen.storyboard; sourceTree = "<group>"; };
		F1AA16722240E8EF00F419AB /* Info.plist */ = {isa = PBXFileReference; lastKnownFileType = text.plist.xml; path = Info.plist; sourceTree = "<group>"; };
/* End PBXFileReference section */

/* Begin PBXFrameworksBuildPhase section */
		F1AA16602240E8ED00F419AB /* Frameworks */ = {
			isa = PBXFrameworksBuildPhase;
			buildActionMask = 2147483647;
			files = (
			);
			runOnlyForDeploymentPostprocessing = 0;
		};
/* End PBXFrameworksBuildPhase section */

/* Begin PBXGroup section */
		F1AA165A2240E8ED00F419AB = {
			isa = PBXGroup;
			children = (
				F1AA16652240E8ED00F419AB /* AuthenSSRU */,
				F1AA16642240E8ED00F419AB /* Products */,
			);
			sourceTree = "<group>";
		};
		F1AA16642240E8ED00F419AB /* Products */ = {
			isa = PBXGroup;
			children = (
				F1AA16632240E8ED00F419AB /* AuthenSSRU.app */,
			);
			name = Products;
			sourceTree = "<group>";
		};
		F1AA16652240E8ED00F419AB /* AuthenSSRU */ = {
			isa = PBXGroup;
			children = (
				F1AA16662240E8ED00F419AB /* AppDelegate.swift */,
				F1AA16682240E8ED00F419AB /* ViewController.swift */,
				F11D02282241FDFA00772227 /* RegisterViewController.swift */,
				F1AA166A2240E8ED00F419AB /* Main.storyboard */,
				F1AA166D2240E8EF00F419AB /* Assets.xcassets */,
				F1AA166F2240E8EF00F419AB /* LaunchScreen.storyboard */,
				F1AA16722240E8EF00F419AB /* Info.plist */,
			);
			path = AuthenSSRU;
			sourceTree = "<group>";
		};
/* End PBXGroup section */

/* Begin PBXNativeTarget section */
		F1AA16622240E8ED00F419AB /* AuthenSSRU */ = {
			isa = PBXNativeTarget;
			buildConfigurationList = F1AA16752240E8EF00F419AB /* Build configuration list for PBXNativeTarget "AuthenSSRU" */;
			buildPhases = (
				F1AA165F2240E8ED00F419AB /* Sources */,
				F1AA16602240E8ED00F419AB /* Frameworks */,
				F1AA16612240E8ED00F419AB /* Resources */,
			);
			buildRules = (
			);
			dependencies = (
			);
			name = AuthenSSRU;
			productName = AuthenSSRU;
			productReference = F1AA16632240E8ED00F419AB /* AuthenSSRU.app */;
			productType = "com.apple.product-type.application";
		};
/* End PBXNativeTarget section */

/* Begin PBXProject section */
		F1AA165B2240E8ED00F419AB /* Project object */ = {
			isa = PBXProject;
			attributes = {
				LastSwiftUpdateCheck = 1010;
				LastUpgradeCheck = 1010;
				ORGANIZATIONNAME = nook;
				TargetAttributes = {
					F1AA16622240E8ED00F419AB = {
						CreatedOnToolsVersion = 10.1;
					};
				};
			};
			buildConfigurationList = F1AA165E2240E8ED00F419AB /* Build configuration list for PBXProject "AuthenSSRU" */;
			compatibilityVersion = "Xcode 9.3";
			developmentRegion = en;
			hasScannedForEncodings = 0;
			knownRegions = (
				en,
				Base,
			);
			mainGroup = F1AA165A2240E8ED00F419AB;
			productRefGroup = F1AA16642240E8ED00F419AB /* Products */;
			projectDirPath = "";
			projectRoot = "";
			targets = (
				F1AA16622240E8ED00F419AB /* AuthenSSRU */,
			);
		};
/* End PBXProject section */

/* Begin PBXResourcesBuildPhase section */
		F1AA16612240E8ED00F419AB /* Resources */ = {
			isa = PBXResourcesBuildPhase;
			buildActionMask = 2147483647;
			files = (
				F1AA16712240E8EF00F419AB /* LaunchScreen.storyboard in Resources */,
				F1AA166E2240E8EF00F419AB /* Assets.xcassets in Resources */,
				F1AA166C2240E8ED00F419AB /* Main.storyboard in Resources */,
			);
			runOnlyForDeploymentPostprocessing = 0;
		};
/* End PBXResourcesBuildPhase section */

/* Begin PBXSourcesBuildPhase section */
		F1AA165F2240E8ED00F419AB /* Sources */ = {
			isa = PBXSourcesBuildPhase;
			buildActionMask = 2147483647;
			files = (
				F11D02292241FDFA00772227 /* RegisterViewController.swift in Sources */,
				F1AA16692240E8ED00F419AB /* ViewController.swift in Sources */,
				F1AA16672240E8ED00F419AB /* AppDelegate.swift in Sources */,
			);
			runOnlyForDeploymentPostprocessing = 0;
		};
/* End PBXSourcesBuildPhase section */

/* Begin PBXVariantGroup section */
		F1AA166A2240E8ED00F419AB /* Main.storyboard */ = {
			isa = PBXVariantGroup;
			children = (
				F1AA166B2240E8ED00F419AB /* Base */,
			);
			name = Main.storyboard;
			sourceTree = "<group>";
		};
		F1AA166F2240E8EF00F419AB /* LaunchScreen.storyboard */ = {
			isa = PBXVariantGroup;
			children = (
				F1AA16702240E8EF00F419AB /* Base */,
			);
			name = LaunchScreen.storyboard;
			sourceTree = "<group>";
		};
/* End PBXVariantGroup section */

/* Begin XCBuildConfiguration section */
		F1AA16732240E8EF00F419AB /* Debug */ = {
			isa = XCBuildConfiguration;
			buildSettings = {
				ALWAYS_SEARCH_USER_PATHS = NO;
				CLANG_ANALYZER_NONNULL = YES;
				CLANG_ANALYZER_NUMBER_OBJECT_CONVERSION = YES_AGGRESSIVE;
				CLANG_CXX_LANGUAGE_STANDARD = "gnu++14";
				CLANG_CXX_LIBRARY = "libc++";
				CLANG_ENABLE_MODULES = YES;
				CLANG_ENABLE_OBJC_ARC = YES;
				CLANG_ENABLE_OBJC_WEAK = YES;
				CLANG_WARN_BLOCK_CAPTURE_AUTORELEASING = YES;
				CLANG_WARN_BOOL_CONVERSION = YES;
				CLANG_WARN_COMMA = YES;
				CLANG_WARN_CONSTANT_CONVERSION = YES;
				CLANG_WARN_DEPRECATED_OBJC_IMPLEMENTATIONS = YES;
				CLANG_WARN_DIRECT_OBJC_ISA_USAGE = YES_ERROR;
				CLANG_WARN_DOCUMENTATION_COMMENTS = YES;
				CLANG_WARN_EMPTY_BODY = YES;
				CLANG_WARN_ENUM_CONVERSION = YES;
				CLANG_WARN_INFINITE_RECURSION = YES;
				CLANG_WARN_INT_CONVERSION = YES;
				CLANG_WARN_NON_LITERAL_NULL_CONVERSION = YES;
				CLANG_WARN_OBJC_IMPLICIT_RETAIN_SELF = YES;
				CLANG_WARN_OBJC_LITERAL_CONVERSION = YES;
				CLANG_WARN_OBJC_ROOT_CLASS = YES_ERROR;
				CLANG_WARN_RANGE_LOOP_ANALYSIS = YES;
				CLANG_WARN_STRICT_PROTOTYPES = YES;
				CLANG_WARN_SUSPICIOUS_MOVE = YES;
				CLANG_WARN_UNGUARDED_AVAILABILITY = YES_AGGRESSIVE;
				CLANG_WARN_UNREACHABLE_CODE = YES;
				CLANG_WARN__DUPLICATE_METHOD_MATCH = YES;
				CODE_SIGN_IDENTITY = "iPhone Developer";
				COPY_PHASE_STRIP = NO;
				DEBUG_INFORMATION_FORMAT = dwarf;
				ENABLE_STRICT_OBJC_MSGSEND = YES;
				ENABLE_TESTABILITY = YES;
				GCC_C_LANGUAGE_STANDARD = gnu11;
				GCC_DYNAMIC_NO_PIC = NO;
				GCC_NO_COMMON_BLOCKS = YES;
				GCC_OPTIMIZATION_LEVEL = 0;
				GCC_PREPROCESSOR_DEFINITIONS = (
					"DEBUG=1",
					"$(inherited)",
				);
				GCC_WARN_64_TO_32_BIT_CONVERSION = YES;
				GCC_WARN_ABOUT_RETURN_TYPE = YES_ERROR;
				GCC_WARN_UNDECLARED_SELECTOR = YES;
				GCC_WARN_UNINITIALIZED_AUTOS = YES_AGGRESSIVE;
				GCC_WARN_UNUSED_FUNCTION = YES;
				GCC_WARN_UNUSED_VARIABLE = YES;
				IPHONEOS_DEPLOYMENT_TARGET = 12.1;
				MTL_ENABLE_DEBUG_INFO = INCLUDE_SOURCE;
				MTL_FAST_MATH = YES;
				ONLY_ACTIVE_ARCH = YES;
				SDKROOT = iphoneos;
				SWIFT_ACTIVE_COMPILATION_CONDITIONS = DEBUG;
				SWIFT_OPTIMIZATION_LEVEL = "-Onone";
			};
			name = Debug;
		};
		F1AA16742240E8EF00F419AB /* Release */ = {
			isa = XCBuildConfiguration;
			buildSettings = {
				ALWAYS_SEARCH_USER_PATHS = NO;
				CLANG_ANALYZER_NONNULL = YES;
				CLANG_ANALYZER_NUMBER_OBJECT_CONVERSION = YES_AGGRESSIVE;
				CLANG_CXX_LANGUAGE_STANDARD = "gnu++14";
				CLANG_CXX_LIBRARY = "libc++";
				CLANG_ENABLE_MODULES = YES;
				CLANG_ENABLE_OBJC_ARC = YES;
				CLANG_ENABLE_OBJC_WEAK = YES;
				CLANG_WARN_BLOCK_CAPTURE_AUTORELEASING = YES;
				CLANG_WARN_BOOL_CONVERSION = YES;
				CLANG_WARN_COMMA = YES;
				CLANG_WARN_CONSTANT_CONVERSION = YES;
				CLANG_WARN_DEPRECATED_OBJC_IMPLEMENTATIONS = YES;
				CLANG_WARN_DIRECT_OBJC_ISA_USAGE = YES_ERROR;
				CLANG_WARN_DOCUMENTATION_COMMENTS = YES;
				CLANG_WARN_EMPTY_BODY = YES;
				CLANG_WARN_ENUM_CONVERSION = YES;
				CLANG_WARN_INFINITE_RECURSION = YES;
				CLANG_WARN_INT_CONVERSION = YES;
				CLANG_WARN_NON_LITERAL_NULL_CONVERSION = YES;
				CLANG_WARN_OBJC_IMPLICIT_RETAIN_SELF = YES;
				CLANG_WARN_OBJC_LITERAL_CONVERSION = YES;
				CLANG_WARN_OBJC_ROOT_CLASS = YES_ERROR;
				CLANG_WARN_RANGE_LOOP_ANALYSIS = YES;
				CLANG_WARN_STRICT_PROTOTYPES = YES;
				CLANG_WARN_SUSPICIOUS_MOVE = YES;
				CLANG_WARN_UNGUARDED_AVAILABILITY = YES_AGGRESSIVE;
				CLANG_WARN_UNREACHABLE_CODE = YES;
				CLANG_WARN__DUPLICATE_METHOD_MATCH = YES;
				CODE_SIGN_IDENTITY = "iPhone Developer";
				COPY_PHASE_STRIP = NO;
				DEBUG_INFORMATION_FORMAT = "dwarf-with-dsym";
				ENABLE_NS_ASSERTIONS = NO;
				ENABLE_STRICT_OBJC_MSGSEND = YES;
				GCC_C_LANGUAGE_STANDARD = gnu11;
				GCC_NO_COMMON_BLOCKS = YES;
				GCC_WARN_64_TO_32_BIT_CONVERSION = YES;
				GCC_WARN_ABOUT_RETURN_TYPE = YES_ERROR;
				GCC_WARN_UNDECLARED_SELECTOR = YES;
				GCC_WARN_UNINITIALIZED_AUTOS = YES_AGGRESSIVE;
				GCC_WARN_UNUSED_FUNCTION = YES;
				GCC_WARN_UNUSED_VARIABLE = YES;
				IPHONEOS_DEPLOYMENT_TARGET = 12.1;
				MTL_ENABLE_DEBUG_INFO = NO;
				MTL_FAST_MATH = YES;
				SDKROOT = iphoneos;
				SWIFT_COMPILATION_MODE = wholemodule;
				SWIFT_OPTIMIZATION_LEVEL = "-O";
				VALIDATE_PRODUCT = YES;
			};
			name = Release;
		};
		F1AA16762240E8EF00F419AB /* Debug */ = {
			isa = XCBuildConfiguration;
			buildSettings = {
				ASSETCATALOG_COMPILER_APPICON_NAME = AppIcon;
				CODE_SIGN_STYLE = Automatic;
				INFOPLIST_FILE = AuthenSSRU/Info.plist;
				LD_RUNPATH_SEARCH_PATHS = (
					"$(inherited)",
					"@executable_path/Frameworks",
				);
				PRODUCT_BUNDLE_IDENTIFIER = thanyalak.nakhamsee.nook.authenssru.AuthenSSRU;
				PRODUCT_NAME = "$(TARGET_NAME)";
				SWIFT_VERSION = 4.2;
				TARGETED_DEVICE_FAMILY = "1,2";
			};
			name = Debug;
		};
		F1AA16772240E8EF00F419AB /* Release */ = {
			isa = XCBuildConfiguration;
			buildSettings = {
				ASSETCATALOG_COMPILER_APPICON_NAME = AppIcon;
				CODE_SIGN_STYLE = Automatic;
				INFOPLIST_FILE = AuthenSSRU/Info.plist;
				LD_RUNPATH_SEARCH_PATHS = (
					"$(inherited)",
					"@executable_path/Frameworks",
				);
				PRODUCT_BUNDLE_IDENTIFIER = thanyalak.nakhamsee.nook.authenssru.AuthenSSRU;
				PRODUCT_NAME = "$(TARGET_NAME)";
				SWIFT_VERSION = 4.2;
				TARGETED_DEVICE_FAMILY = "1,2";
			};
			name = Release;
		};
/* End XCBuildConfiguration section */

/* Begin XCConfigurationList section */
		F1AA165E2240E8ED00F419AB /* Build configuration list for PBXProject "AuthenSSRU" */ = {
			isa = XCConfigurationList;
			buildConfigurations = (
				F1AA16732240E8EF00F419AB /* Debug */,
				F1AA16742240E8EF00F419AB /* Release */,
			);
			defaultConfigurationIsVisible = 0;
			defaultConfigurationName = Release;
		};
		F1AA16752240E8EF00F419AB /* Build configuration list for PBXNativeTarget "AuthenSSRU" */ = {
			isa = XCConfigurationList;
			buildConfigurations = (
				F1AA16762240E8EF00F419AB /* Debug */,
				F1AA16772240E8EF00F419AB /* Release */,
			);
			defaultConfigurationIsVisible = 0;
			defaultConfigurationName = Release;
		};
/* End XCConfigurationList section */
	};
	rootObject = F1AA165B2240E8ED00F419AB /* Project object */;
}
